{
    "_meta": {
        "hash": {
            "sha256": "d5f9d9766a7e2c75f651db3c419da65a7bc2e8074d41a70bbe11207ba712c8fa"
        },
        "pipfile-spec": 6,
        "requires": {
            "python_version": "3.6"
        },
        "sources": [
            {
                "name": "pypi",
                "url": "https://pypi.org/simple",
                "verify_ssl": true
            }
        ]
    },
    "default": {
        "certifi": {
            "hashes": [
                "sha256:59b7658e26ca9c7339e00f8f4636cdfe59d34fa37b9b04f6f9e9926b3cece1a5",
                "sha256:b26104d6835d1f5e49452a26eb2ff87fe7090b89dfcaee5ea2212697e1e1d7ae"
            ],
            "version": "==2019.3.9"
        },
        "chardet": {
            "hashes": [
                "sha256:84ab92ed1c4d4f16916e05906b6b75a6c0fb5db821cc65e70cbd64a3e2a5eaae",
                "sha256:fc323ffcaeaed0e0a02bf4d117757b98aed530d9ed4531e3e15460124c106691"
            ],
            "version": "==3.0.4"
        },
        "idna": {
            "hashes": [
                "sha256:c357b3f628cf53ae2c4c05627ecc484553142ca23264e593d327bcde5e9c3407",
                "sha256:ea8b7f6188e6fa117537c3df7da9fc686d485087abf6ac197f9c46432f7e4a3c"
            ],
            "version": "==2.8"
        },
        "pyyaml": {
            "hashes": [
                "sha256:544a0050e76e9b60751c58617fa28c253ad5d23af2e5f0b1c250390bf90bb0df",
                "sha256:594bf80477a58b6fd53e8b3f24ccf965c25eeeb6e05e4b1fb18c82c2d2090603",
                "sha256:75e20ca689d0a2bf0c84f0e2028cc68ebef34b213fa66d73c410c53f870c49f4",
                "sha256:994da68a1dc1050f290f8017f044172360b608c0f2562b47645ecc69d7a61c0a",
                "sha256:ad902e00088c50bdced94a57b819c24fdadaeaed5494df7a9a67d63774f210fd",
                "sha256:b11aff75875ffc73541c4e4b1ac2f5e21717c1fc4396238943b9a44d962e74e1",
                "sha256:bc733b5a9047c3e4848c0e80eeacfa6a799139242606410260c5450d665ea58c",
                "sha256:d960c68931b96bb215f385baa8ef867b8ebac66af60fa06cc1008f963848c7ad",
                "sha256:dd461c04e6a91e4eef7d5b75c1fc1c7013d3f8d354033b16526baadddd524079",
                "sha256:e4d6b5d6218a06f3141189d75c93876dd525a6d15f1b00ef4f274726c93719f1",
                "sha256:f3c386fa12415bde8a0162745c4badf98fe171c6dfd67e54831f05ec88feeebb"
            ],
            "index": "pypi",
            "version": "==5.1b5"
        },
        "requests": {
            "hashes": [
                "sha256:502a824f31acdacb3a35b6690b5fbf0bc41d63a24a45c4004352b0242707598e",
                "sha256:7bf2a778576d825600030a110f3c0e3e8edc51dfaafe1c146e39a2027784957b"
            ],
            "index": "pypi",
            "version": "==2.21.0"
        },
        "urllib3": {
            "hashes": [
                "sha256:61bf29cada3fc2fbefad4fdf059ea4bd1b4a86d2b6d15e1c7c0b582b9752fe39",
                "sha256:de9529817c93f27c8ccbfead6985011db27bd0ddfcdb2d86f3f663385c6a9c22"
            ],
            "version": "==1.24.1"
        }
    },
    "develop": {}
}
